
Microsoft Visual Studio Solution File, Format Version 12.00
Project("{FAE04EC0-301F-11D3-BF4B-00C04F79EFBC}") = "Queue.Application.Job", "Queue.Application.Job\Queue.Application.Job.csproj", "{7E01DD1B-7E70-49E4-8AC6-9DCE01FDBCB8}"
EndProject
Project("{FAE04EC0-301F-11D3-BF4B-00C04F79EFBC}") = "Queue.Application.Receiver", "Queue.Application.Receiver\Queue.Application.Receiver.csproj", "{47E6E3C8-8F65-47E9-9622-B495D08EB7FB}"
EndProject
Global
	GlobalSection(SolutionConfigurationPlatforms) = preSolution
		Debug|Any CPU = Debug|Any CPU
		Release|Any CPU = Release|Any CPU
	EndGlobalSection
	GlobalSection(ProjectConfigurationPlatforms) = postSolution
		{7E01DD1B-7E70-49E4-8AC6-9DCE01FDBCB8}.Debug|Any CPU.ActiveCfg = Debug|Any CPU
		{7E01DD1B-7E70-49E4-8AC6-9DCE01FDBCB8}.Debug|Any CPU.Build.0 = Debug|Any CPU
		{7E01DD1B-7E70-49E4-8AC6-9DCE01FDBCB8}.Release|Any CPU.ActiveCfg = Release|Any CPU
		{7E01DD1B-7E70-49E4-8AC6-9DCE01FDBCB8}.Release|Any CPU.Build.0 = Release|Any CPU
		{47E6E3C8-8F65-47E9-9622-B495D08EB7FB}.Debug|Any CPU.ActiveCfg = Debug|Any CPU
		{47E6E3C8-8F65-47E9-9622-B495D08EB7FB}.Debug|Any CPU.Build.0 = Debug|Any CPU
		{47E6E3C8-8F65-47E9-9622-B495D08EB7FB}.Release|Any CPU.ActiveCfg = Release|Any CPU
		{47E6E3C8-8F65-47E9-9622-B495D08EB7FB}.Release|Any CPU.Build.0 = Release|Any CPU
	EndGlobalSection
EndGlobal
